// !$*UTF8*$!
{
	archiveVersion = 1;
	classes = {
	};
	objectVersion = 46;
	objects = {

/* Begin PBXBuildFile section */
		947CFE401D8AECEE001FC3B7 /* AppDelegate.swift in Sources */ = {isa = PBXBuildFile; fileRef = 947CFE3F1D8AECEE001FC3B7 /* AppDelegate.swift */; };
		947CFE421D8AECEE001FC3B7 /* ViewController.swift in Sources */ = {isa = PBXBuildFile; fileRef = 947CFE411D8AECEE001FC3B7 /* ViewController.swift */; };
		947CFE451D8AECEE001FC3B7 /* Main.storyboard in Resources */ = {isa = PBXBuildFile; fileRef = 947CFE431D8AECEE001FC3B7 /* Main.storyboard */; };
		947CFE481D8AECEE001FC3B7 /* Grocery.xcdatamodeld in Sources */ = {isa = PBXBuildFile; fileRef = 947CFE461D8AECEE001FC3B7 /* Grocery.xcdatamodeld */; };
		947CFE4A1D8AECEE001FC3B7 /* Assets.xcassets in Resources */ = {isa = PBXBuildFile; fileRef = 947CFE491D8AECEE001FC3B7 /* Assets.xcassets */; };
		947CFE4D1D8AECEE001FC3B7 /* LaunchScreen.storyboard in Resources */ = {isa = PBXBuildFile; fileRef = 947CFE4B1D8AECEE001FC3B7 /* LaunchScreen.storyboard */; };
		947CFE581D8AECEE001FC3B7 /* GroceryTests.swift in Sources */ = {isa = PBXBuildFile; fileRef = 947CFE571D8AECEE001FC3B7 /* GroceryTests.swift */; };
		947CFE631D8AECEE001FC3B7 /* GroceryUITests.swift in Sources */ = {isa = PBXBuildFile; fileRef = 947CFE621D8AECEE001FC3B7 /* GroceryUITests.swift */; };
/* End PBXBuildFile section */

/* Begin PBXContainerItemProxy section */
		947CFE541D8AECEE001FC3B7 /* PBXContainerItemProxy */ = {
			isa = PBXContainerItemProxy;
			containerPortal = 947CFE341D8AECED001FC3B7 /* Project object */;
			proxyType = 1;
			remoteGlobalIDString = 947CFE3B1D8AECED001FC3B7;
			remoteInfo = Grocery;
		};
		947CFE5F1D8AECEE001FC3B7 /* PBXContainerItemProxy */ = {
			isa = PBXContainerItemProxy;
			containerPortal = 947CFE341D8AECED001FC3B7 /* Project object */;
			proxyType = 1;
			remoteGlobalIDString = 947CFE3B1D8AECED001FC3B7;
			remoteInfo = Grocery;
		};
/* End PBXContainerItemProxy section */

/* Begin PBXFileReference section */
		947CFE3C1D8AECED001FC3B7 /* Grocery.app */ = {isa = PBXFileReference; explicitFileType = wrapper.application; includeInIndex = 0; path = Grocery.app; sourceTree = BUILT_PRODUCTS_DIR; };
		947CFE3F1D8AECEE001FC3B7 /* AppDelegate.swift */ = {isa = PBXFileReference; lastKnownFileType = sourcecode.swift; path = AppDelegate.swift; sourceTree = "<group>"; };
		947CFE411D8AECEE001FC3B7 /* ViewController.swift */ = {isa = PBXFileReference; lastKnownFileType = sourcecode.swift; path = ViewController.swift; sourceTree = "<group>"; };
		947CFE441D8AECEE001FC3B7 /* Base */ = {isa = PBXFileReference; lastKnownFileType = file.storyboard; name = Base; path = Base.lproj/Main.storyboard; sourceTree = "<group>"; };
		947CFE471D8AECEE001FC3B7 /* Grocery.xcdatamodel */ = {isa = PBXFileReference; lastKnownFileType = wrapper.xcdatamodel; path = Grocery.xcdatamodel; sourceTree = "<group>"; };
		947CFE491D8AECEE001FC3B7 /* Assets.xcassets */ = {isa = PBXFileReference; lastKnownFileType = folder.assetcatalog; path = Assets.xcassets; sourceTree = "<group>"; };
		947CFE4C1D8AECEE001FC3B7 /* Base */ = {isa = PBXFileReference; lastKnownFileType = file.storyboard; name = Base; path = Base.lproj/LaunchScreen.storyboard; sourceTree = "<group>"; };
		947CFE4E1D8AECEE001FC3B7 /* Info.plist */ = {isa = PBXFileReference; lastKnownFileType = text.plist.xml; path = Info.plist; sourceTree = "<group>"; };
		947CFE531D8AECEE001FC3B7 /* GroceryTests.xctest */ = {isa = PBXFileReference; explicitFileType = wrapper.cfbundle; includeInIndex = 0; path = GroceryTests.xctest; sourceTree = BUILT_PRODUCTS_DIR; };
		947CFE571D8AECEE001FC3B7 /* GroceryTests.swift */ = {isa = PBXFileReference; lastKnownFileType = sourcecode.swift; path = GroceryTests.swift; sourceTree = "<group>"; };
		947CFE591D8AECEE001FC3B7 /* Info.plist */ = {isa = PBXFileReference; lastKnownFileType = text.plist.xml; path = Info.plist; sourceTree = "<group>"; };
		947CFE5E1D8AECEE001FC3B7 /* GroceryUITests.xctest */ = {isa = PBXFileReference; explicitFileType = wrapper.cfbundle; includeInIndex = 0; path = GroceryUITests.xctest; sourceTree = BUILT_PRODUCTS_DIR; };
		947CFE621D8AECEE001FC3B7 /* GroceryUITests.swift */ = {isa = PBXFileReference; lastKnownFileType = sourcecode.swift; path = GroceryUITests.swift; sourceTree = "<group>"; };
		947CFE641D8AECEE001FC3B7 /* Info.plist */ = {isa = PBXFileReference; lastKnownFileType = text.plist.xml; path = Info.plist; sourceTree = "<group>"; };
/* End PBXFileReference section */

/* Begin PBXFrameworksBuildPhase section */
		947CFE391D8AECED001FC3B7 /* Frameworks */ = {
			isa = PBXFrameworksBuildPhase;
			buildActionMask = 2147483647;
			files = (
			);
			runOnlyForDeploymentPostprocessing = 0;
		};
		947CFE501D8AECEE001FC3B7 /* Frameworks */ = {
			isa = PBXFrameworksBuildPhase;
			buildActionMask = 2147483647;
			files = (
			);
			runOnlyForDeploymentPostprocessing = 0;
		};
		947CFE5B1D8AECEE001FC3B7 /* Frameworks */ = {
			isa = PBXFrameworksBuildPhase;
			buildActionMask = 2147483647;
			files = (
			);
			runOnlyForDeploymentPostprocessing = 0;
		};
/* End PBXFrameworksBuildPhase section */

/* Begin PBXGroup section */
		947CFE331D8AECED001FC3B7 = {
			isa = PBXGroup;
			children = (
				947CFE3E1D8AECEE001FC3B7 /* Grocery */,
				947CFE561D8AECEE001FC3B7 /* GroceryTests */,
				947CFE611D8AECEE001FC3B7 /* GroceryUITests */,
				947CFE3D1D8AECED001FC3B7 /* Products */,
			);
			sourceTree = "<group>";
		};
		947CFE3D1D8AECED001FC3B7 /* Products */ = {
			isa = PBXGroup;
			children = (
				947CFE3C1D8AECED001FC3B7 /* Grocery.app */,
				947CFE531D8AECEE001FC3B7 /* GroceryTests.xctest */,
				947CFE5E1D8AECEE001FC3B7 /* GroceryUITests.xctest */,
			);
			name = Products;
			sourceTree = "<group>";
		};
		947CFE3E1D8AECEE001FC3B7 /* Grocery */ = {
			isa = PBXGroup;
			children = (
				947CFE3F1D8AECEE001FC3B7 /* AppDelegate.swift */,
				947CFE411D8AECEE001FC3B7 /* ViewController.swift */,
				947CFE431D8AECEE001FC3B7 /* Main.storyboard */,
				947CFE491D8AECEE001FC3B7 /* Assets.xcassets */,
				947CFE4B1D8AECEE001FC3B7 /* LaunchScreen.storyboard */,
				947CFE4E1D8AECEE001FC3B7 /* Info.plist */,
				947CFE461D8AECEE001FC3B7 /* Grocery.xcdatamodeld */,
			);
			path = Grocery;
			sourceTree = "<group>";
		};
		947CFE561D8AECEE001FC3B7 /* GroceryTests */ = {
			isa = PBXGroup;
			children = (
				947CFE571D8AECEE001FC3B7 /* GroceryTests.swift */,
				947CFE591D8AECEE001FC3B7 /* Info.plist */,
			);
			path = GroceryTests;
			sourceTree = "<group>";
		};
		947CFE611D8AECEE001FC3B7 /* GroceryUITests */ = {
			isa = PBXGroup;
			children = (
				947CFE621D8AECEE001FC3B7 /* GroceryUITests.swift */,
				947CFE641D8AECEE001FC3B7 /* Info.plist */,
			);
			path = GroceryUITests;
			sourceTree = "<group>";
		};
/* End PBXGroup section */

/* Begin PBXNativeTarget section */
		947CFE3B1D8AECED001FC3B7 /* Grocery */ = {
			isa = PBXNativeTarget;
			buildConfigurationList = 947CFE671D8AECEE001FC3B7 /* Build configuration list for PBXNativeTarget "Grocery" */;
			buildPhases = (
				947CFE381D8AECED001FC3B7 /* Sources */,
				947CFE391D8AECED001FC3B7 /* Frameworks */,
				947CFE3A1D8AECED001FC3B7 /* Resources */,
			);
			buildRules = (
			);
			dependencies = (
			);
			name = Grocery;
			productName = Grocery;
			productReference = 947CFE3C1D8AECED001FC3B7 /* Grocery.app */;
			productType = "com.apple.product-type.application";
		};
		947CFE521D8AECEE001FC3B7 /* GroceryTests */ = {
			isa = PBXNativeTarget;
			buildConfigurationList = 947CFE6A1D8AECEE001FC3B7 /* Build configuration list for PBXNativeTarget "GroceryTests" */;
			buildPhases = (
				947CFE4F1D8AECEE001FC3B7 /* Sources */,
				947CFE501D8AECEE001FC3B7 /* Frameworks */,
				947CFE511D8AECEE001FC3B7 /* Resources */,
			);
			buildRules = (
			);
			dependencies = (
				947CFE551D8AECEE001FC3B7 /* PBXTargetDependency */,
			);
			name = GroceryTests;
			productName = GroceryTests;
			productReference = 947CFE531D8AECEE001FC3B7 /* GroceryTests.xctest */;
			productType = "com.apple.product-type.bundle.unit-test";
		};
		947CFE5D1D8AECEE001FC3B7 /* GroceryUITests */ = {
			isa = PBXNativeTarget;
			buildConfigurationList = 947CFE6D1D8AECEE001FC3B7 /* Build configuration list for PBXNativeTarget "GroceryUITests" */;
			buildPhases = (
				947CFE5A1D8AECEE001FC3B7 /* Sources */,
				947CFE5B1D8AECEE001FC3B7 /* Frameworks */,
				947CFE5C1D8AECEE001FC3B7 /* Resources */,
			);
			buildRules = (
			);
			dependencies = (
				947CFE601D8AECEE001FC3B7 /* PBXTargetDependency */,
			);
			name = GroceryUITests;
			productName = GroceryUITests;
			productReference = 947CFE5E1D8AECEE001FC3B7 /* GroceryUITests.xctest */;
			productType = "com.apple.product-type.bundle.ui-testing";
		};
/* End PBXNativeTarget section */

/* Begin PBXProject section */
		947CFE341D8AECED001FC3B7 /* Project object */ = {
			isa = PBXProject;
			attributes = {
				LastSwiftUpdateCheck = 0800;
				LastUpgradeCheck = 0800;
				ORGANIZATIONNAME = SimpuMind;
				TargetAttributes = {
					947CFE3B1D8AECED001FC3B7 = {
						CreatedOnToolsVersion = 8.0;
						ProvisioningStyle = Automatic;
					};
					947CFE521D8AECEE001FC3B7 = {
						CreatedOnToolsVersion = 8.0;
						ProvisioningStyle = Automatic;
						TestTargetID = 947CFE3B1D8AECED001FC3B7;
					};
					947CFE5D1D8AECEE001FC3B7 = {
						CreatedOnToolsVersion = 8.0;
						ProvisioningStyle = Automatic;
						TestTargetID = 947CFE3B1D8AECED001FC3B7;
					};
				};
			};
			buildConfigurationList = 947CFE371D8AECED001FC3B7 /* Build configuration list for PBXProject "Grocery" */;
			compatibilityVersion = "Xcode 3.2";
			developmentRegion = English;
			hasScannedForEncodings = 0;
			knownRegions = (
				en,
				Base,
			);
			mainGroup = 947CFE331D8AECED001FC3B7;
			productRefGroup = 947CFE3D1D8AECED001FC3B7 /* Products */;
			projectDirPath = "";
			projectRoot = "";
			targets = (
				947CFE3B1D8AECED001FC3B7 /* Grocery */,
				947CFE521D8AECEE001FC3B7 /* GroceryTests */,
				947CFE5D1D8AECEE001FC3B7 /* GroceryUITests */,
			);
		};
/* End PBXProject section */

/* Begin PBXResourcesBuildPhase section */
		947CFE3A1D8AECED001FC3B7 /* Resources */ = {
			isa = PBXResourcesBuildPhase;
			buildActionMask = 2147483647;
			files = (
				947CFE4D1D8AECEE001FC3B7 /* LaunchScreen.storyboard in Resources */,
				947CFE4A1D8AECEE001FC3B7 /* Assets.xcassets in Resources */,
				947CFE451D8AECEE001FC3B7 /* Main.storyboard in Resources */,
			);
			runOnlyForDeploymentPostprocessing = 0;
		};
		947CFE511D8AECEE001FC3B7 /* Resources */ = {
			isa = PBXResourcesBuildPhase;
			buildActionMask = 2147483647;
			files = (
			);
			runOnlyForDeploymentPostprocessing = 0;
		};
		947CFE5C1D8AECEE001FC3B7 /* Resources */ = {
			isa = PBXResourcesBuildPhase;
			buildActionMask = 2147483647;
			files = (
			);
			runOnlyForDeploymentPostprocessing = 0;
		};
/* End PBXResourcesBuildPhase section */

/* Begin PBXSourcesBuildPhase section */
		947CFE381D8AECED001FC3B7 /* Sources */ = {
			isa = PBXSourcesBuildPhase;
			buildActionMask = 2147483647;
			files = (
				947CFE481D8AECEE001FC3B7 /* Grocery.xcdatamodeld in Sources */,
				947CFE421D8AECEE001FC3B7 /* ViewController.swift in Sources */,
				947CFE401D8AECEE001FC3B7 /* AppDelegate.swift in Sources */,
			);
			runOnlyForDeploymentPostprocessing = 0;
		};
		947CFE4F1D8AECEE001FC3B7 /* Sources */ = {
			isa = PBXSourcesBuildPhase;
			buildActionMask = 2147483647;
			files = (
				947CFE581D8AECEE001FC3B7 /* GroceryTests.swift in Sources */,
			);
			runOnlyForDeploymentPostprocessing = 0;
		};
		947CFE5A1D8AECEE001FC3B7 /* Sources */ = {
			isa = PBXSourcesBuildPhase;
			buildActionMask = 2147483647;
			files = (
				947CFE631D8AECEE001FC3B7 /* GroceryUITests.swift in Sources */,
			);
			runOnlyForDeploymentPostprocessing = 0;
		};
/* End PBXSourcesBuildPhase section */

/* Begin PBXTargetDependency section */
		947CFE551D8AECEE001FC3B7 /* PBXTargetDependency */ = {
			isa = PBXTargetDependency;
			target = 947CFE3B1D8AECED001FC3B7 /* Grocery */;
			targetProxy = 947CFE541D8AECEE001FC3B7 /* PBXContainerItemProxy */;
		};
		947CFE601D8AECEE001FC3B7 /* PBXTargetDependency */ = {
			isa = PBXTargetDependency;
			target = 947CFE3B1D8AECED001FC3B7 /* Grocery */;
			targetProxy = 947CFE5F1D8AECEE001FC3B7 /* PBXContainerItemProxy */;
		};
/* End PBXTargetDependency section */

/* Begin PBXVariantGroup section */
		947CFE431D8AECEE001FC3B7 /* Main.storyboard */ = {
			isa = PBXVariantGroup;
			children = (
				947CFE441D8AECEE001FC3B7 /* Base */,
			);
			name = Main.storyboard;
			sourceTree = "<group>";
		};
		947CFE4B1D8AECEE001FC3B7 /* LaunchScreen.storyboard */ = {
			isa = PBXVariantGroup;
			children = (
				947CFE4C1D8AECEE001FC3B7 /* Base */,
			);
			name = LaunchScreen.storyboard;
			sourceTree = "<group>";
		};
/* End PBXVariantGroup section */

/* Begin XCBuildConfiguration section */
		947CFE651D8AECEE001FC3B7 /* Debug */ = {
			isa = XCBuildConfiguration;
			buildSettings = {
				ALWAYS_SEARCH_USER_PATHS = NO;
				CLANG_ANALYZER_NONNULL = YES;
				CLANG_CXX_LANGUAGE_STANDARD = "gnu++0x";
				CLANG_CXX_LIBRARY = "libc++";
				CLANG_ENABLE_MODULES = YES;
				CLANG_ENABLE_OBJC_ARC = YES;
				CLANG_WARN_BOOL_CONVERSION = YES;
				CLANG_WARN_CONSTANT_CONVERSION = YES;
				CLANG_WARN_DIRECT_OBJC_ISA_USAGE = YES_ERROR;
				CLANG_WARN_DOCUMENTATION_COMMENTS = YES;
				CLANG_WARN_EMPTY_BODY = YES;
				CLANG_WARN_ENUM_CONVERSION = YES;
				CLANG_WARN_INFINITE_RECURSION = YES;
				CLANG_WARN_INT_CONVERSION = YES;
				CLANG_WARN_OBJC_ROOT_CLASS = YES_ERROR;
				CLANG_WARN_SUSPICIOUS_MOVES = YES;
				CLANG_WARN_UNREACHABLE_CODE = YES;
				CLANG_WARN__DUPLICATE_METHOD_MATCH = YES;
				"CODE_SIGN_IDENTITY[sdk=iphoneos*]" = "iPhone Developer";
				COPY_PHASE_STRIP = NO;
				DEBUG_INFORMATION_FORMAT = dwarf;
				ENABLE_STRICT_OBJC_MSGSEND = YES;
				ENABLE_TESTABILITY = YES;
				GCC_C_LANGUAGE_STANDARD = gnu99;
				GCC_DYNAMIC_NO_PIC = NO;
				GCC_NO_COMMON_BLOCKS = YES;
				GCC_OPTIMIZATION_LEVEL = 0;
				GCC_PREPROCESSOR_DEFINITIONS = (
					"DEBUG=1",
					"$(inherited)",
				);
				GCC_WARN_64_TO_32_BIT_CONVERSION = YES;
				GCC_WARN_ABOUT_RETURN_TYPE = YES_ERROR;
				GCC_WARN_UNDECLARED_SELECTOR = YES;
				GCC_WARN_UNINITIALIZED_AUTOS = YES_AGGRESSIVE;
				GCC_WARN_UNUSED_FUNCTION = YES;
				GCC_WARN_UNUSED_VARIABLE = YES;
				IPHONEOS_DEPLOYMENT_TARGET = 10.0;
				MTL_ENABLE_DEBUG_INFO = YES;
				ONLY_ACTIVE_ARCH = YES;
				SDKROOT = iphoneos;
				SWIFT_ACTIVE_COMPILATION_CONDITIONS = DEBUG;
				SWIFT_OPTIMIZATION_LEVEL = "-Onone";
			};
			name = Debug;
		};
		947CFE661D8AECEE001FC3B7 /* Release */ = {
			isa = XCBuildConfiguration;
			buildSettings = {
				ALWAYS_SEARCH_USER_PATHS = NO;
				CLANG_ANALYZER_NONNULL = YES;
				CLANG_CXX_LANGUAGE_STANDARD = "gnu++0x";
				CLANG_CXX_LIBRARY = "libc++";
				CLANG_ENABLE_MODULES = YES;
				CLANG_ENABLE_OBJC_ARC = YES;
				CLANG_WARN_BOOL_CONVERSION = YES;
				CLANG_WARN_CONSTANT_CONVERSION = YES;
				CLANG_WARN_DIRECT_OBJC_ISA_USAGE = YES_ERROR;
				CLANG_WARN_DOCUMENTATION_COMMENTS = YES;
				CLANG_WARN_EMPTY_BODY = YES;
				CLANG_WARN_ENUM_CONVERSION = YES;
				CLANG_WARN_INFINITE_RECURSION = YES;
				CLANG_WARN_INT_CONVERSION = YES;
				CLANG_WARN_OBJC_ROOT_CLASS = YES_ERROR;
				CLANG_WARN_SUSPICIOUS_MOVES = YES;
				CLANG_WARN_UNREACHABLE_CODE = YES;
				CLANG_WARN__DUPLICATE_METHOD_MATCH = YES;
				"CODE_SIGN_IDENTITY[sdk=iphoneos*]" = "iPhone Developer";
				COPY_PHASE_STRIP = NO;
				DEBUG_INFORMATION_FORMAT = "dwarf-with-dsym";
				ENABLE_NS_ASSERTIONS = NO;
				ENABLE_STRICT_OBJC_MSGSEND = YES;
				GCC_C_LANGUAGE_STANDARD = gnu99;
				GCC_NO_COMMON_BLOCKS = YES;
				GCC_WARN_64_TO_32_BIT_CONVERSION = YES;
				GCC_WARN_ABOUT_RETURN_TYPE = YES_ERROR;
				GCC_WARN_UNDECLARED_SELECTOR = YES;
				GCC_WARN_UNINITIALIZED_AUTOS = YES_AGGRESSIVE;
				GCC_WARN_UNUSED_FUNCTION = YES;
				GCC_WARN_UNUSED_VARIABLE = YES;
				IPHONEOS_DEPLOYMENT_TARGET = 10.0;
				MTL_ENABLE_DEBUG_INFO = NO;
				SDKROOT = iphoneos;
				SWIFT_OPTIMIZATION_LEVEL = "-Owholemodule";
				VALIDATE_PRODUCT = YES;
			};
			name = Release;
		};
		947CFE681D8AECEE001FC3B7 /* Debug */ = {
			isa = XCBuildConfiguration;
			buildSettings = {
				ASSETCATALOG_COMPILER_APPICON_NAME = AppIcon;
				INFOPLIST_FILE = Grocery/Info.plist;
				LD_RUNPATH_SEARCH_PATHS = "$(inherited) @executable_path/Frameworks";
				PRODUCT_BUNDLE_IDENTIFIER = com.simpumind.Grocery;
				PRODUCT_NAME = "$(TARGET_NAME)";
				SWIFT_VERSION = 3.0;
			};
			name = Debug;
		};
		947CFE691D8AECEE001FC3B7 /* Release */ = {
			isa = XCBuildConfiguration;
			buildSettings = {
				ASSETCATALOG_COMPILER_APPICON_NAME = AppIcon;
				INFOPLIST_FILE = Grocery/Info.plist;
				LD_RUNPATH_SEARCH_PATHS = "$(inherited) @executable_path/Frameworks";
				PRODUCT_BUNDLE_IDENTIFIER = com.simpumind.Grocery;
				PRODUCT_NAME = "$(TARGET_NAME)";
				SWIFT_VERSION = 3.0;
			};
			name = Release;
		};
		947CFE6B1D8AECEE001FC3B7 /* Debug */ = {
			isa = XCBuildConfiguration;
			buildSettings = {
				ALWAYS_EMBED_SWIFT_STANDARD_LIBRARIES = YES;
				BUNDLE_LOADER = "$(TEST_HOST)";
				INFOPLIST_FILE = GroceryTests/Info.plist;
				LD_RUNPATH_SEARCH_PATHS = "$(inherited) @executable_path/Frameworks @loader_path/Frameworks";
				PRODUCT_BUNDLE_IDENTIFIER = com.simpumind.GroceryTests;
				PRODUCT_NAME = "$(TARGET_NAME)";
				SWIFT_VERSION = 3.0;
				TEST_HOST = "$(BUILT_PRODUCTS_DIR)/Grocery.app/Grocery";
			};
			name = Debug;
		};
		947CFE6C1D8AECEE001FC3B7 /* Release */ = {
			isa = XCBuildConfiguration;
			buildSettings = {
				ALWAYS_EMBED_SWIFT_STANDARD_LIBRARIES = YES;
				BUNDLE_LOADER = "$(TEST_HOST)";
				INFOPLIST_FILE = GroceryTests/Info.plist;
				LD_RUNPATH_SEARCH_PATHS = "$(inherited) @executable_path/Frameworks @loader_path/Frameworks";
				PRODUCT_BUNDLE_IDENTIFIER = com.simpumind.GroceryTests;
				PRODUCT_NAME = "$(TARGET_NAME)";
				SWIFT_VERSION = 3.0;
				TEST_HOST = "$(BUILT_PRODUCTS_DIR)/Grocery.app/Grocery";
			};
			name = Release;
		};
		947CFE6E1D8AECEE001FC3B7 /* Debug */ = {
			isa = XCBuildConfiguration;
			buildSettings = {
				ALWAYS_EMBED_SWIFT_STANDARD_LIBRARIES = YES;
				INFOPLIST_FILE = GroceryUITests/Info.plist;
				LD_RUNPATH_SEARCH_PATHS = "$(inherited) @executable_path/Frameworks @loader_path/Frameworks";
				PRODUCT_BUNDLE_IDENTIFIER = com.simpumind.GroceryUITests;
				PRODUCT_NAME = "$(TARGET_NAME)";
				SWIFT_VERSION = 3.0;
				TEST_TARGET_NAME = Grocery;
			};
			name = Debug;
		};
		947CFE6F1D8AECEE001FC3B7 /* Release */ = {
			isa = XCBuildConfiguration;
			buildSettings = {
				ALWAYS_EMBED_SWIFT_STANDARD_LIBRARIES = YES;
				INFOPLIST_FILE = GroceryUITests/Info.plist;
				LD_RUNPATH_SEARCH_PATHS = "$(inherited) @executable_path/Frameworks @loader_path/Frameworks";
				PRODUCT_BUNDLE_IDENTIFIER = com.simpumind.GroceryUITests;
				PRODUCT_NAME = "$(TARGET_NAME)";
				SWIFT_VERSION = 3.0;
				TEST_TARGET_NAME = Grocery;
			};
			name = Release;
		};
/* End XCBuildConfiguration section */

/* Begin XCConfigurationList section */
		947CFE371D8AECED001FC3B7 /* Build configuration list for PBXProject "Grocery" */ = {
			isa = XCConfigurationList;
			buildConfigurations = (
				947CFE651D8AECEE001FC3B7 /* Debug */,
				947CFE661D8AECEE001FC3B7 /* Release */,
			);
			defaultConfigurationIsVisible = 0;
			defaultConfigurationName = Release;
		};
		947CFE671D8AECEE001FC3B7 /* Build configuration list for PBXNativeTarget "Grocery" */ = {
			isa = XCConfigurationList;
			buildConfigurations = (
				947CFE681D8AECEE001FC3B7 /* Debug */,
				947CFE691D8AECEE001FC3B7 /* Release */,
			);
			defaultConfigurationIsVisible = 0;
		};
		947CFE6A1D8AECEE001FC3B7 /* Build configuration list for PBXNativeTarget "GroceryTests" */ = {
			isa = XCConfigurationList;
			buildConfigurations = (
				947CFE6B1D8AECEE001FC3B7 /* Debug */,
				947CFE6C1D8AECEE001FC3B7 /* Release */,
			);
			defaultConfigurationIsVisible = 0;
		};
		947CFE6D1D8AECEE001FC3B7 /* Build configuration list for PBXNativeTarget "GroceryUITests" */ = {
			isa = XCConfigurationList;
			buildConfigurations = (
				947CFE6E1D8AECEE001FC3B7 /* Debug */,
				947CFE6F1D8AECEE001FC3B7 /* Release */,
			);
			defaultConfigurationIsVisible = 0;
		};
/* End XCConfigurationList section */

/* Begin XCVersionGroup section */
		947CFE461D8AECEE001FC3B7 /* Grocery.xcdatamodeld */ = {
			isa = XCVersionGroup;
			children = (
				947CFE471D8AECEE001FC3B7 /* Grocery.xcdatamodel */,
			);
			currentVersion = 947CFE471D8AECEE001FC3B7 /* Grocery.xcdatamodel */;
			path = Grocery.xcdatamodeld;
			sourceTree = "<group>";
			versionGroupType = wrapper.xcdatamodel;
		};
/* End XCVersionGroup section */
	};
	rootObject = 947CFE341D8AECED001FC3B7 /* Project object */;
}
